// !$*UTF8*$!
{
	archiveVersion = 1;
	classes = {
	};
	objectVersion = 56;
	objects = {

/* Begin PBXBuildFile section */
		4621F6C1EDEBA6570F92C75B /* Pods_MyTabbar.framework in Frameworks */ = {isa = PBXBuildFile; fileRef = 456C9C97819A49D37DD821DE /* Pods_MyTabbar.framework */; };
		7C768FDF2C58A43B00A0B794 /* AppDelegate.swift in Sources */ = {isa = PBXBuildFile; fileRef = 7C768FDE2C58A43B00A0B794 /* AppDelegate.swift */; };
		7C768FE12C58A43B00A0B794 /* SceneDelegate.swift in Sources */ = {isa = PBXBuildFile; fileRef = 7C768FE02C58A43B00A0B794 /* SceneDelegate.swift */; };
		7C768FE32C58A43B00A0B794 /* ViewController.swift in Sources */ = {isa = PBXBuildFile; fileRef = 7C768FE22C58A43B00A0B794 /* ViewController.swift */; };
		7C768FE62C58A43B00A0B794 /* Base in Resources */ = {isa = PBXBuildFile; fileRef = 7C768FE52C58A43B00A0B794 /* Base */; };
		7C768FE82C58A43C00A0B794 /* Assets.xcassets in Resources */ = {isa = PBXBuildFile; fileRef = 7C768FE72C58A43C00A0B794 /* Assets.xcassets */; };
		7C768FEB2C58A43C00A0B794 /* Base in Resources */ = {isa = PBXBuildFile; fileRef = 7C768FEA2C58A43C00A0B794 /* Base */; };
		7C768FF32C58BC4F00A0B794 /* CustomTabbarController.swift in Sources */ = {isa = PBXBuildFile; fileRef = 7C768FF22C58BC4F00A0B794 /* CustomTabbarController.swift */; };
		7C768FF62C58BCC600A0B794 /* FirstViewController.swift in Sources */ = {isa = PBXBuildFile; fileRef = 7C768FF42C58BCC600A0B794 /* FirstViewController.swift */; };
		7C768FF72C58BCC600A0B794 /* SecondViewController.swift in Sources */ = {isa = PBXBuildFile; fileRef = 7C768FF52C58BCC600A0B794 /* SecondViewController.swift */; };
		7C768FF92C58BD3300A0B794 /* ThirdViewController.swift in Sources */ = {isa = PBXBuildFile; fileRef = 7C768FF82C58BD3300A0B794 /* ThirdViewController.swift */; };
		7C768FFB2C58BD4F00A0B794 /* FourthViewController.swift in Sources */ = {isa = PBXBuildFile; fileRef = 7C768FFA2C58BD4F00A0B794 /* FourthViewController.swift */; };
		7C768FFD2C58BD7200A0B794 /* FifthViewController.swift in Sources */ = {isa = PBXBuildFile; fileRef = 7C768FFC2C58BD7200A0B794 /* FifthViewController.swift */; };
		7C7690092C58E53500A0B794 /* TTViewController.swift in Sources */ = {isa = PBXBuildFile; fileRef = 7C7690082C58E53500A0B794 /* TTViewController.swift */; };
		7C76901C2C5B6BCC00A0B794 /* animation.json in Resources */ = {isa = PBXBuildFile; fileRef = 7C76901B2C5B6BCC00A0B794 /* animation.json */; };
/* End PBXBuildFile section */

/* Begin PBXFileReference section */
		456C9C97819A49D37DD821DE /* Pods_MyTabbar.framework */ = {isa = PBXFileReference; explicitFileType = wrapper.framework; includeInIndex = 0; path = Pods_MyTabbar.framework; sourceTree = BUILT_PRODUCTS_DIR; };
		7C768FDB2C58A43B00A0B794 /* MyTabbar.app */ = {isa = PBXFileReference; explicitFileType = wrapper.application; includeInIndex = 0; path = MyTabbar.app; sourceTree = BUILT_PRODUCTS_DIR; };
		7C768FDE2C58A43B00A0B794 /* AppDelegate.swift */ = {isa = PBXFileReference; lastKnownFileType = sourcecode.swift; path = AppDelegate.swift; sourceTree = "<group>"; };
		7C768FE02C58A43B00A0B794 /* SceneDelegate.swift */ = {isa = PBXFileReference; lastKnownFileType = sourcecode.swift; path = SceneDelegate.swift; sourceTree = "<group>"; };
		7C768FE22C58A43B00A0B794 /* ViewController.swift */ = {isa = PBXFileReference; lastKnownFileType = sourcecode.swift; path = ViewController.swift; sourceTree = "<group>"; };
		7C768FE52C58A43B00A0B794 /* Base */ = {isa = PBXFileReference; lastKnownFileType = file.storyboard; name = Base; path = Base.lproj/Main.storyboard; sourceTree = "<group>"; };
		7C768FE72C58A43C00A0B794 /* Assets.xcassets */ = {isa = PBXFileReference; lastKnownFileType = folder.assetcatalog; path = Assets.xcassets; sourceTree = "<group>"; };
		7C768FEA2C58A43C00A0B794 /* Base */ = {isa = PBXFileReference; lastKnownFileType = file.storyboard; name = Base; path = Base.lproj/LaunchScreen.storyboard; sourceTree = "<group>"; };
		7C768FEC2C58A43C00A0B794 /* Info.plist */ = {isa = PBXFileReference; lastKnownFileType = text.plist.xml; path = Info.plist; sourceTree = "<group>"; };
		7C768FF22C58BC4F00A0B794 /* CustomTabbarController.swift */ = {isa = PBXFileReference; fileEncoding = 4; lastKnownFileType = sourcecode.swift; path = CustomTabbarController.swift; sourceTree = "<group>"; };
		7C768FF42C58BCC600A0B794 /* FirstViewController.swift */ = {isa = PBXFileReference; fileEncoding = 4; lastKnownFileType = sourcecode.swift; path = FirstViewController.swift; sourceTree = "<group>"; };
		7C768FF52C58BCC600A0B794 /* SecondViewController.swift */ = {isa = PBXFileReference; fileEncoding = 4; lastKnownFileType = sourcecode.swift; path = SecondViewController.swift; sourceTree = "<group>"; };
		7C768FF82C58BD3300A0B794 /* ThirdViewController.swift */ = {isa = PBXFileReference; lastKnownFileType = sourcecode.swift; path = ThirdViewController.swift; sourceTree = "<group>"; };
		7C768FFA2C58BD4F00A0B794 /* FourthViewController.swift */ = {isa = PBXFileReference; lastKnownFileType = sourcecode.swift; path = FourthViewController.swift; sourceTree = "<group>"; };
		7C768FFC2C58BD7200A0B794 /* FifthViewController.swift */ = {isa = PBXFileReference; lastKnownFileType = sourcecode.swift; path = FifthViewController.swift; sourceTree = "<group>"; };
		7C7690082C58E53500A0B794 /* TTViewController.swift */ = {isa = PBXFileReference; lastKnownFileType = sourcecode.swift; path = TTViewController.swift; sourceTree = "<group>"; };
		7C76901B2C5B6BCC00A0B794 /* animation.json */ = {isa = PBXFileReference; fileEncoding = 4; lastKnownFileType = text.json; name = animation.json; path = ../../../../Desktop/animation.json; sourceTree = "<group>"; };
		E4272DEFF22B4C8BD7013A27 /* Pods-MyTabbar.debug.xcconfig */ = {isa = PBXFileReference; includeInIndex = 1; lastKnownFileType = text.xcconfig; name = "Pods-MyTabbar.debug.xcconfig"; path = "Target Support Files/Pods-MyTabbar/Pods-MyTabbar.debug.xcconfig"; sourceTree = "<group>"; };
		E76ABCA784F27E35FD3C6C6D /* Pods-MyTabbar.release.xcconfig */ = {isa = PBXFileReference; includeInIndex = 1; lastKnownFileType = text.xcconfig; name = "Pods-MyTabbar.release.xcconfig"; path = "Target Support Files/Pods-MyTabbar/Pods-MyTabbar.release.xcconfig"; sourceTree = "<group>"; };
/* End PBXFileReference section */

/* Begin PBXFrameworksBuildPhase section */
		7C768FD82C58A43B00A0B794 /* Frameworks */ = {
			isa = PBXFrameworksBuildPhase;
			buildActionMask = 2147483647;
			files = (
				4621F6C1EDEBA6570F92C75B /* Pods_MyTabbar.framework in Frameworks */,
			);
			runOnlyForDeploymentPostprocessing = 0;
		};
/* End PBXFrameworksBuildPhase section */

/* Begin PBXGroup section */
		7602D417EFA7A53F83E3B019 /* Pods */ = {
			isa = PBXGroup;
			children = (
				E4272DEFF22B4C8BD7013A27 /* Pods-MyTabbar.debug.xcconfig */,
				E76ABCA784F27E35FD3C6C6D /* Pods-MyTabbar.release.xcconfig */,
			);
			path = Pods;
			sourceTree = "<group>";
		};
		7C768FD22C58A43B00A0B794 = {
			isa = PBXGroup;
			children = (
				7C768FDD2C58A43B00A0B794 /* MyTabbar */,
				7C768FDC2C58A43B00A0B794 /* Products */,
				7602D417EFA7A53F83E3B019 /* Pods */,
				9A46BEF8D44E412A4C9BC4DC /* Frameworks */,
			);
			sourceTree = "<group>";
		};
		7C768FDC2C58A43B00A0B794 /* Products */ = {
			isa = PBXGroup;
			children = (
				7C768FDB2C58A43B00A0B794 /* MyTabbar.app */,
			);
			name = Products;
			sourceTree = "<group>";
		};
		7C768FDD2C58A43B00A0B794 /* MyTabbar */ = {
			isa = PBXGroup;
			children = (
				7C76901B2C5B6BCC00A0B794 /* animation.json */,
				7C768FDE2C58A43B00A0B794 /* AppDelegate.swift */,
				7C768FE02C58A43B00A0B794 /* SceneDelegate.swift */,
				7C768FE22C58A43B00A0B794 /* ViewController.swift */,
				7C768FF42C58BCC600A0B794 /* FirstViewController.swift */,
				7C768FF52C58BCC600A0B794 /* SecondViewController.swift */,
				7C768FF82C58BD3300A0B794 /* ThirdViewController.swift */,
				7C768FFA2C58BD4F00A0B794 /* FourthViewController.swift */,
				7C768FFC2C58BD7200A0B794 /* FifthViewController.swift */,
				7C768FF22C58BC4F00A0B794 /* CustomTabbarController.swift */,
				7C7690082C58E53500A0B794 /* TTViewController.swift */,
				7C768FE42C58A43B00A0B794 /* Main.storyboard */,
				7C768FE72C58A43C00A0B794 /* Assets.xcassets */,
				7C768FE92C58A43C00A0B794 /* LaunchScreen.storyboard */,
				7C768FEC2C58A43C00A0B794 /* Info.plist */,
			);
			path = MyTabbar;
			sourceTree = "<group>";
		};
		9A46BEF8D44E412A4C9BC4DC /* Frameworks */ = {
			isa = PBXGroup;
			children = (
				456C9C97819A49D37DD821DE /* Pods_MyTabbar.framework */,
			);
			name = Frameworks;
			sourceTree = "<group>";
		};
/* End PBXGroup section */

/* Begin PBXNativeTarget section */
		7C768FDA2C58A43B00A0B794 /* MyTabbar */ = {
			isa = PBXNativeTarget;
			buildConfigurationList = 7C768FEF2C58A43C00A0B794 /* Build configuration list for PBXNativeTarget "MyTabbar" */;
			buildPhases = (
				06B0BFBD1337CAF796E188C9 /* [CP] Check Pods Manifest.lock */,
				7C768FD72C58A43B00A0B794 /* Sources */,
				7C768FD82C58A43B00A0B794 /* Frameworks */,
				7C768FD92C58A43B00A0B794 /* Resources */,
				9B8461510F18623A26799560 /* [CP] Embed Pods Frameworks */,
			);
			buildRules = (
			);
			dependencies = (
			);
			name = MyTabbar;
			productName = MyTabbar;
			productReference = 7C768FDB2C58A43B00A0B794 /* MyTabbar.app */;
			productType = "com.apple.product-type.application";
		};
/* End PBXNativeTarget section */

/* Begin PBXProject section */
		7C768FD32C58A43B00A0B794 /* Project object */ = {
			isa = PBXProject;
			attributes = {
				BuildIndependentTargetsInParallel = 1;
				LastSwiftUpdateCheck = 1540;
				LastUpgradeCheck = 1540;
				TargetAttributes = {
					7C768FDA2C58A43B00A0B794 = {
						CreatedOnToolsVersion = 15.4;
					};
				};
			};
			buildConfigurationList = 7C768FD62C58A43B00A0B794 /* Build configuration list for PBXProject "MyTabbar" */;
			compatibilityVersion = "Xcode 14.0";
			developmentRegion = en;
			hasScannedForEncodings = 0;
			knownRegions = (
				en,
				Base,
			);
			mainGroup = 7C768FD22C58A43B00A0B794;
			productRefGroup = 7C768FDC2C58A43B00A0B794 /* Products */;
			projectDirPath = "";
			projectRoot = "";
			targets = (
				7C768FDA2C58A43B00A0B794 /* MyTabbar */,
			);
		};
/* End PBXProject section */

/* Begin PBXResourcesBuildPhase section */
		7C768FD92C58A43B00A0B794 /* Resources */ = {
			isa = PBXResourcesBuildPhase;
			buildActionMask = 2147483647;
			files = (
				7C768FE82C58A43C00A0B794 /* Assets.xcassets in Resources */,
				7C76901C2C5B6BCC00A0B794 /* animation.json in Resources */,
				7C768FEB2C58A43C00A0B794 /* Base in Resources */,
				7C768FE62C58A43B00A0B794 /* Base in Resources */,
			);
			runOnlyForDeploymentPostprocessing = 0;
		};
/* End PBXResourcesBuildPhase section */

/* Begin PBXShellScriptBuildPhase section */
		06B0BFBD1337CAF796E188C9 /* [CP] Check Pods Manifest.lock */ = {
			isa = PBXShellScriptBuildPhase;
			buildActionMask = 2147483647;
			files = (
			);
			inputFileListPaths = (
			);
			inputPaths = (
				"${PODS_PODFILE_DIR_PATH}/Podfile.lock",
				"${PODS_ROOT}/Manifest.lock",
			);
			name = "[CP] Check Pods Manifest.lock";
			outputFileListPaths = (
			);
			outputPaths = (
				"$(DERIVED_FILE_DIR)/Pods-MyTabbar-checkManifestLockResult.txt",
			);
			runOnlyForDeploymentPostprocessing = 0;
			shellPath = /bin/sh;
			shellScript = "diff \"${PODS_PODFILE_DIR_PATH}/Podfile.lock\" \"${PODS_ROOT}/Manifest.lock\" > /dev/null\nif [ $? != 0 ] ; then\n    # print error to STDERR\n    echo \"error: The sandbox is not in sync with the Podfile.lock. Run 'pod install' or update your CocoaPods installation.\" >&2\n    exit 1\nfi\n# This output is used by Xcode 'outputs' to avoid re-running this script phase.\necho \"SUCCESS\" > \"${SCRIPT_OUTPUT_FILE_0}\"\n";
			showEnvVarsInLog = 0;
		};
		9B8461510F18623A26799560 /* [CP] Embed Pods Frameworks */ = {
			isa = PBXShellScriptBuildPhase;
			buildActionMask = 2147483647;
			files = (
			);
			inputFileListPaths = (
				"${PODS_ROOT}/Target Support Files/Pods-MyTabbar/Pods-MyTabbar-frameworks-${CONFIGURATION}-input-files.xcfilelist",
			);
			name = "[CP] Embed Pods Frameworks";
			outputFileListPaths = (
				"${PODS_ROOT}/Target Support Files/Pods-MyTabbar/Pods-MyTabbar-frameworks-${CONFIGURATION}-output-files.xcfilelist",
			);
			runOnlyForDeploymentPostprocessing = 0;
			shellPath = /bin/sh;
			shellScript = "\"${PODS_ROOT}/Target Support Files/Pods-MyTabbar/Pods-MyTabbar-frameworks.sh\"\n";
			showEnvVarsInLog = 0;
		};
/* End PBXShellScriptBuildPhase section */

/* Begin PBXSourcesBuildPhase section */
		7C768FD72C58A43B00A0B794 /* Sources */ = {
			isa = PBXSourcesBuildPhase;
			buildActionMask = 2147483647;
			files = (
				7C768FFD2C58BD7200A0B794 /* FifthViewController.swift in Sources */,
				7C768FF72C58BCC600A0B794 /* SecondViewController.swift in Sources */,
				7C768FF62C58BCC600A0B794 /* FirstViewController.swift in Sources */,
				7C768FE32C58A43B00A0B794 /* ViewController.swift in Sources */,
				7C768FF92C58BD3300A0B794 /* ThirdViewController.swift in Sources */,
				7C768FFB2C58BD4F00A0B794 /* FourthViewController.swift in Sources */,
				7C7690092C58E53500A0B794 /* TTViewController.swift in Sources */,
				7C768FDF2C58A43B00A0B794 /* AppDelegate.swift in Sources */,
				7C768FF32C58BC4F00A0B794 /* CustomTabbarController.swift in Sources */,
				7C768FE12C58A43B00A0B794 /* SceneDelegate.swift in Sources */,
			);
			runOnlyForDeploymentPostprocessing = 0;
		};
/* End PBXSourcesBuildPhase section */

/* Begin PBXVariantGroup section */
		7C768FE42C58A43B00A0B794 /* Main.storyboard */ = {
			isa = PBXVariantGroup;
			children = (
				7C768FE52C58A43B00A0B794 /* Base */,
			);
			name = Main.storyboard;
			sourceTree = "<group>";
		};
		7C768FE92C58A43C00A0B794 /* LaunchScreen.storyboard */ = {
			isa = PBXVariantGroup;
			children = (
				7C768FEA2C58A43C00A0B794 /* Base */,
			);
			name = LaunchScreen.storyboard;
			sourceTree = "<group>";
		};
/* End PBXVariantGroup section */

/* Begin XCBuildConfiguration section */
		7C768FED2C58A43C00A0B794 /* Debug */ = {
			isa = XCBuildConfiguration;
			buildSettings = {
				ALWAYS_SEARCH_USER_PATHS = NO;
				ASSETCATALOG_COMPILER_GENERATE_SWIFT_ASSET_SYMBOL_EXTENSIONS = YES;
				CLANG_ANALYZER_NONNULL = YES;
				CLANG_ANALYZER_NUMBER_OBJECT_CONVERSION = YES_AGGRESSIVE;
				CLANG_CXX_LANGUAGE_STANDARD = "gnu++20";
				CLANG_ENABLE_MODULES = YES;
				CLANG_ENABLE_OBJC_ARC = YES;
				CLANG_ENABLE_OBJC_WEAK = YES;
				CLANG_WARN_BLOCK_CAPTURE_AUTORELEASING = YES;
				CLANG_WARN_BOOL_CONVERSION = YES;
				CLANG_WARN_COMMA = YES;
				CLANG_WARN_CONSTANT_CONVERSION = YES;
				CLANG_WARN_DEPRECATED_OBJC_IMPLEMENTATIONS = YES;
				CLANG_WARN_DIRECT_OBJC_ISA_USAGE = YES_ERROR;
				CLANG_WARN_DOCUMENTATION_COMMENTS = YES;
				CLANG_WARN_EMPTY_BODY = YES;
				CLANG_WARN_ENUM_CONVERSION = YES;
				CLANG_WARN_INFINITE_RECURSION = YES;
				CLANG_WARN_INT_CONVERSION = YES;
				CLANG_WARN_NON_LITERAL_NULL_CONVERSION = YES;
				CLANG_WARN_OBJC_IMPLICIT_RETAIN_SELF = YES;
				CLANG_WARN_OBJC_LITERAL_CONVERSION = YES;
				CLANG_WARN_OBJC_ROOT_CLASS = YES_ERROR;
				CLANG_WARN_QUOTED_INCLUDE_IN_FRAMEWORK_HEADER = YES;
				CLANG_WARN_RANGE_LOOP_ANALYSIS = YES;
				CLANG_WARN_STRICT_PROTOTYPES = YES;
				CLANG_WARN_SUSPICIOUS_MOVE = YES;
				CLANG_WARN_UNGUARDED_AVAILABILITY = YES_AGGRESSIVE;
				CLANG_WARN_UNREACHABLE_CODE = YES;
				CLANG_WARN__DUPLICATE_METHOD_MATCH = YES;
				COPY_PHASE_STRIP = NO;
				DEBUG_INFORMATION_FORMAT = dwarf;
				ENABLE_STRICT_OBJC_MSGSEND = YES;
				ENABLE_TESTABILITY = YES;
				ENABLE_USER_SCRIPT_SANDBOXING = YES;
				GCC_C_LANGUAGE_STANDARD = gnu17;
				GCC_DYNAMIC_NO_PIC = NO;
				GCC_NO_COMMON_BLOCKS = YES;
				GCC_OPTIMIZATION_LEVEL = 0;
				GCC_PREPROCESSOR_DEFINITIONS = (
					"DEBUG=1",
					"$(inherited)",
				);
				GCC_WARN_64_TO_32_BIT_CONVERSION = YES;
				GCC_WARN_ABOUT_RETURN_TYPE = YES_ERROR;
				GCC_WARN_UNDECLARED_SELECTOR = YES;
				GCC_WARN_UNINITIALIZED_AUTOS = YES_AGGRESSIVE;
				GCC_WARN_UNUSED_FUNCTION = YES;
				GCC_WARN_UNUSED_VARIABLE = YES;
				IPHONEOS_DEPLOYMENT_TARGET = 17.5;
				LOCALIZATION_PREFERS_STRING_CATALOGS = YES;
				MTL_ENABLE_DEBUG_INFO = INCLUDE_SOURCE;
				MTL_FAST_MATH = YES;
				ONLY_ACTIVE_ARCH = YES;
				SDKROOT = iphoneos;
				SWIFT_ACTIVE_COMPILATION_CONDITIONS = "DEBUG $(inherited)";
				SWIFT_OPTIMIZATION_LEVEL = "-Onone";
			};
			name = Debug;
		};
		7C768FEE2C58A43C00A0B794 /* Release */ = {
			isa = XCBuildConfiguration;
			buildSettings = {
				ALWAYS_SEARCH_USER_PATHS = NO;
				ASSETCATALOG_COMPILER_GENERATE_SWIFT_ASSET_SYMBOL_EXTENSIONS = YES;
				CLANG_ANALYZER_NONNULL = YES;
				CLANG_ANALYZER_NUMBER_OBJECT_CONVERSION = YES_AGGRESSIVE;
				CLANG_CXX_LANGUAGE_STANDARD = "gnu++20";
				CLANG_ENABLE_MODULES = YES;
				CLANG_ENABLE_OBJC_ARC = YES;
				CLANG_ENABLE_OBJC_WEAK = YES;
				CLANG_WARN_BLOCK_CAPTURE_AUTORELEASING = YES;
				CLANG_WARN_BOOL_CONVERSION = YES;
				CLANG_WARN_COMMA = YES;
				CLANG_WARN_CONSTANT_CONVERSION = YES;
				CLANG_WARN_DEPRECATED_OBJC_IMPLEMENTATIONS = YES;
				CLANG_WARN_DIRECT_OBJC_ISA_USAGE = YES_ERROR;
				CLANG_WARN_DOCUMENTATION_COMMENTS = YES;
				CLANG_WARN_EMPTY_BODY = YES;
				CLANG_WARN_ENUM_CONVERSION = YES;
				CLANG_WARN_INFINITE_RECURSION = YES;
				CLANG_WARN_INT_CONVERSION = YES;
				CLANG_WARN_NON_LITERAL_NULL_CONVERSION = YES;
				CLANG_WARN_OBJC_IMPLICIT_RETAIN_SELF = YES;
				CLANG_WARN_OBJC_LITERAL_CONVERSION = YES;
				CLANG_WARN_OBJC_ROOT_CLASS = YES_ERROR;
				CLANG_WARN_QUOTED_INCLUDE_IN_FRAMEWORK_HEADER = YES;
				CLANG_WARN_RANGE_LOOP_ANALYSIS = YES;
				CLANG_WARN_STRICT_PROTOTYPES = YES;
				CLANG_WARN_SUSPICIOUS_MOVE = YES;
				CLANG_WARN_UNGUARDED_AVAILABILITY = YES_AGGRESSIVE;
				CLANG_WARN_UNREACHABLE_CODE = YES;
				CLANG_WARN__DUPLICATE_METHOD_MATCH = YES;
				COPY_PHASE_STRIP = NO;
				DEBUG_INFORMATION_FORMAT = "dwarf-with-dsym";
				ENABLE_NS_ASSERTIONS = NO;
				ENABLE_STRICT_OBJC_MSGSEND = YES;
				ENABLE_USER_SCRIPT_SANDBOXING = YES;
				GCC_C_LANGUAGE_STANDARD = gnu17;
				GCC_NO_COMMON_BLOCKS = YES;
				GCC_WARN_64_TO_32_BIT_CONVERSION = YES;
				GCC_WARN_ABOUT_RETURN_TYPE = YES_ERROR;
				GCC_WARN_UNDECLARED_SELECTOR = YES;
				GCC_WARN_UNINITIALIZED_AUTOS = YES_AGGRESSIVE;
				GCC_WARN_UNUSED_FUNCTION = YES;
				GCC_WARN_UNUSED_VARIABLE = YES;
				IPHONEOS_DEPLOYMENT_TARGET = 17.5;
				LOCALIZATION_PREFERS_STRING_CATALOGS = YES;
				MTL_ENABLE_DEBUG_INFO = NO;
				MTL_FAST_MATH = YES;
				SDKROOT = iphoneos;
				SWIFT_COMPILATION_MODE = wholemodule;
				VALIDATE_PRODUCT = YES;
			};
			name = Release;
		};
		7C768FF02C58A43C00A0B794 /* Debug */ = {
			isa = XCBuildConfiguration;
			baseConfigurationReference = E4272DEFF22B4C8BD7013A27 /* Pods-MyTabbar.debug.xcconfig */;
			buildSettings = {
				ASSETCATALOG_COMPILER_APPICON_NAME = AppIcon;
				ASSETCATALOG_COMPILER_GLOBAL_ACCENT_COLOR_NAME = AccentColor;
				CODE_SIGN_STYLE = Automatic;
				CURRENT_PROJECT_VERSION = 1;
				DEVELOPMENT_TEAM = P634K2UB3K;
				ENABLE_USER_SCRIPT_SANDBOXING = NO;
				GENERATE_INFOPLIST_FILE = YES;
				INFOPLIST_FILE = MyTabbar/Info.plist;
				INFOPLIST_KEY_UIApplicationSupportsIndirectInputEvents = YES;
				INFOPLIST_KEY_UILaunchStoryboardName = LaunchScreen;
				INFOPLIST_KEY_UIMainStoryboardFile = Main;
				INFOPLIST_KEY_UISupportedInterfaceOrientations_iPad = "UIInterfaceOrientationPortrait UIInterfaceOrientationPortraitUpsideDown UIInterfaceOrientationLandscapeLeft UIInterfaceOrientationLandscapeRight";
				INFOPLIST_KEY_UISupportedInterfaceOrientations_iPhone = "UIInterfaceOrientationPortrait UIInterfaceOrientationLandscapeLeft UIInterfaceOrientationLandscapeRight";
				IPHONEOS_DEPLOYMENT_TARGET = 16.0;
				LD_RUNPATH_SEARCH_PATHS = (
					"$(inherited)",
					"@executable_path/Frameworks",
				);
				MARKETING_VERSION = 1.0;
				PRODUCT_BUNDLE_IDENTIFIER = etamluos.MyTabbar;
				PRODUCT_NAME = "$(TARGET_NAME)";
				SWIFT_EMIT_LOC_STRINGS = YES;
				SWIFT_VERSION = 5.0;
				TARGETED_DEVICE_FAMILY = "1,2";
			};
			name = Debug;
		};
		7C768FF12C58A43C00A0B794 /* Release */ = {
			isa = XCBuildConfiguration;
			baseConfigurationReference = E76ABCA784F27E35FD3C6C6D /* Pods-MyTabbar.release.xcconfig */;
			buildSettings = {
				ASSETCATALOG_COMPILER_APPICON_NAME = AppIcon;
				ASSETCATALOG_COMPILER_GLOBAL_ACCENT_COLOR_NAME = AccentColor;
				CODE_SIGN_STYLE = Automatic;
				CURRENT_PROJECT_VERSION = 1;
				DEVELOPMENT_TEAM = P634K2UB3K;
				ENABLE_USER_SCRIPT_SANDBOXING = NO;
				GENERATE_INFOPLIST_FILE = YES;
				INFOPLIST_FILE = MyTabbar/Info.plist;
				INFOPLIST_KEY_UIApplicationSupportsIndirectInputEvents = YES;
				INFOPLIST_KEY_UILaunchStoryboardName = LaunchScreen;
				INFOPLIST_KEY_UIMainStoryboardFile = Main;
				INFOPLIST_KEY_UISupportedInterfaceOrientations_iPad = "UIInterfaceOrientationPortrait UIInterfaceOrientationPortraitUpsideDown UIInterfaceOrientationLandscapeLeft UIInterfaceOrientationLandscapeRight";
				INFOPLIST_KEY_UISupportedInterfaceOrientations_iPhone = "UIInterfaceOrientationPortrait UIInterfaceOrientationLandscapeLeft UIInterfaceOrientationLandscapeRight";
				IPHONEOS_DEPLOYMENT_TARGET = 16.0;
				LD_RUNPATH_SEARCH_PATHS = (
					"$(inherited)",
					"@executable_path/Frameworks",
				);
				MARKETING_VERSION = 1.0;
				PRODUCT_BUNDLE_IDENTIFIER = etamluos.MyTabbar;
				PRODUCT_NAME = "$(TARGET_NAME)";
				SWIFT_EMIT_LOC_STRINGS = YES;
				SWIFT_VERSION = 5.0;
				TARGETED_DEVICE_FAMILY = "1,2";
			};
			name = Release;
		};
/* End XCBuildConfiguration section */

/* Begin XCConfigurationList section */
		7C768FD62C58A43B00A0B794 /* Build configuration list for PBXProject "MyTabbar" */ = {
			isa = XCConfigurationList;
			buildConfigurations = (
				7C768FED2C58A43C00A0B794 /* Debug */,
				7C768FEE2C58A43C00A0B794 /* Release */,
			);
			defaultConfigurationIsVisible = 0;
			defaultConfigurationName = Release;
		};
		7C768FEF2C58A43C00A0B794 /* Build configuration list for PBXNativeTarget "MyTabbar" */ = {
			isa = XCConfigurationList;
			buildConfigurations = (
				7C768FF02C58A43C00A0B794 /* Debug */,
				7C768FF12C58A43C00A0B794 /* Release */,
			);
			defaultConfigurationIsVisible = 0;
			defaultConfigurationName = Release;
		};
/* End XCConfigurationList section */
	};
	rootObject = 7C768FD32C58A43B00A0B794 /* Project object */;
}
